// !$*UTF8*$!
{
	archiveVersion = 1;
	classes = {
	};
	objectVersion = 77;
	objects = {

/* Begin PBXContainerItemProxy section */
		7078DC482E52A16500BDFFD3 /* PBXContainerItemProxy */ = {
			isa = PBXContainerItemProxy;
			containerPortal = 7078DC2E2E52A16300BDFFD3 /* Project object */;
			proxyType = 1;
			remoteGlobalIDString = 7078DC352E52A16300BDFFD3;
			remoteInfo = BLEClientApp;
		};
		7078DC522E52A16500BDFFD3 /* PBXContainerItemProxy */ = {
			isa = PBXContainerItemProxy;
			containerPortal = 7078DC2E2E52A16300BDFFD3 /* Project object */;
			proxyType = 1;
			remoteGlobalIDString = 7078DC352E52A16300BDFFD3;
			remoteInfo = BLEClientApp;
		};
/* End PBXContainerItemProxy section */

/* Begin PBXFileReference section */
		7078DC362E52A16300BDFFD3 /* BLEClientApp.app */ = {isa = PBXFileReference; explicitFileType = wrapper.application; includeInIndex = 0; path = BLEClientApp.app; sourceTree = BUILT_PRODUCTS_DIR; };
		7078DC472E52A16500BDFFD3 /* BLEClientAppTests.xctest */ = {isa = PBXFileReference; explicitFileType = wrapper.cfbundle; includeInIndex = 0; path = BLEClientAppTests.xctest; sourceTree = BUILT_PRODUCTS_DIR; };
		7078DC512E52A16500BDFFD3 /* BLEClientAppUITests.xctest */ = {isa = PBXFileReference; explicitFileType = wrapper.cfbundle; includeInIndex = 0; path = BLEClientAppUITests.xctest; sourceTree = BUILT_PRODUCTS_DIR; };
/* End PBXFileReference section */

/* Begin PBXFileSystemSynchronizedRootGroup section */
		7078DC382E52A16300BDFFD3 /* BLEClientApp */ = {
			isa = PBXFileSystemSynchronizedRootGroup;
			path = BLEClientApp;
			sourceTree = "<group>";
		};
		7078DC4A2E52A16500BDFFD3 /* BLEClientAppTests */ = {
			isa = PBXFileSystemSynchronizedRootGroup;
			path = BLEClientAppTests;
			sourceTree = "<group>";
		};
		7078DC542E52A16500BDFFD3 /* BLEClientAppUITests */ = {
			isa = PBXFileSystemSynchronizedRootGroup;
			path = BLEClientAppUITests;
			sourceTree = "<group>";
		};
/* End PBXFileSystemSynchronizedRootGroup section */

/* Begin PBXFrameworksBuildPhase section */
		7078DC332E52A16300BDFFD3 /* Frameworks */ = {
			isa = PBXFrameworksBuildPhase;
			buildActionMask = 2147483647;
			files = (
			);
			runOnlyForDeploymentPostprocessing = 0;
		};
		7078DC442E52A16500BDFFD3 /* Frameworks */ = {
			isa = PBXFrameworksBuildPhase;
			buildActionMask = 2147483647;
			files = (
			);
			runOnlyForDeploymentPostprocessing = 0;
		};
		7078DC4E2E52A16500BDFFD3 /* Frameworks */ = {
			isa = PBXFrameworksBuildPhase;
			buildActionMask = 2147483647;
			files = (
			);
			runOnlyForDeploymentPostprocessing = 0;
		};
/* End PBXFrameworksBuildPhase section */

/* Begin PBXGroup section */
		7078DC2D2E52A16300BDFFD3 = {
			isa = PBXGroup;
			children = (
				7078DC382E52A16300BDFFD3 /* BLEClientApp */,
				7078DC4A2E52A16500BDFFD3 /* BLEClientAppTests */,
				7078DC542E52A16500BDFFD3 /* BLEClientAppUITests */,
				7078DC372E52A16300BDFFD3 /* Products */,
			);
			sourceTree = "<group>";
		};
		7078DC372E52A16300BDFFD3 /* Products */ = {
			isa = PBXGroup;
			children = (
				7078DC362E52A16300BDFFD3 /* BLEClientApp.app */,
				7078DC472E52A16500BDFFD3 /* BLEClientAppTests.xctest */,
				7078DC512E52A16500BDFFD3 /* BLEClientAppUITests.xctest */,
			);
			name = Products;
			sourceTree = "<group>";
		};
/* End PBXGroup section */

/* Begin PBXNativeTarget section */
		7078DC352E52A16300BDFFD3 /* BLEClientApp */ = {
			isa = PBXNativeTarget;
			buildConfigurationList = 7078DC5B2E52A16500BDFFD3 /* Build configuration list for PBXNativeTarget "BLEClientApp" */;
			buildPhases = (
				7078DC322E52A16300BDFFD3 /* Sources */,
				7078DC332E52A16300BDFFD3 /* Frameworks */,
				7078DC342E52A16300BDFFD3 /* Resources */,
			);
			buildRules = (
			);
			dependencies = (
			);
			fileSystemSynchronizedGroups = (
				7078DC382E52A16300BDFFD3 /* BLEClientApp */,
			);
			name = BLEClientApp;
			packageProductDependencies = (
			);
			productName = BLEClientApp;
			productReference = 7078DC362E52A16300BDFFD3 /* BLEClientApp.app */;
			productType = "com.apple.product-type.application";
		};
		7078DC462E52A16500BDFFD3 /* BLEClientAppTests */ = {
			isa = PBXNativeTarget;
			buildConfigurationList = 7078DC5E2E52A16500BDFFD3 /* Build configuration list for PBXNativeTarget "BLEClientAppTests" */;
			buildPhases = (
				7078DC432E52A16500BDFFD3 /* Sources */,
				7078DC442E52A16500BDFFD3 /* Frameworks */,
				7078DC452E52A16500BDFFD3 /* Resources */,
			);
			buildRules = (
			);
			dependencies = (
				7078DC492E52A16500BDFFD3 /* PBXTargetDependency */,
			);
			fileSystemSynchronizedGroups = (
				7078DC4A2E52A16500BDFFD3 /* BLEClientAppTests */,
			);
			name = BLEClientAppTests;
			packageProductDependencies = (
			);
			productName = BLEClientAppTests;
			productReference = 7078DC472E52A16500BDFFD3 /* BLEClientAppTests.xctest */;
			productType = "com.apple.product-type.bundle.unit-test";
		};
		7078DC502E52A16500BDFFD3 /* BLEClientAppUITests */ = {
			isa = PBXNativeTarget;
			buildConfigurationList = 7078DC612E52A16500BDFFD3 /* Build configuration list for PBXNativeTarget "BLEClientAppUITests" */;
			buildPhases = (
				7078DC4D2E52A16500BDFFD3 /* Sources */,
				7078DC4E2E52A16500BDFFD3 /* Frameworks */,
				7078DC4F2E52A16500BDFFD3 /* Resources */,
			);
			buildRules = (
			);
			dependencies = (
				7078DC532E52A16500BDFFD3 /* PBXTargetDependency */,
			);
			fileSystemSynchronizedGroups = (
				7078DC542E52A16500BDFFD3 /* BLEClientAppUITests */,
			);
			name = BLEClientAppUITests;
			packageProductDependencies = (
			);
			productName = BLEClientAppUITests;
			productReference = 7078DC512E52A16500BDFFD3 /* BLEClientAppUITests.xctest */;
			productType = "com.apple.product-type.bundle.ui-testing";
		};
/* End PBXNativeTarget section */

/* Begin PBXProject section */
		7078DC2E2E52A16300BDFFD3 /* Project object */ = {
			isa = PBXProject;
			attributes = {
				BuildIndependentTargetsInParallel = 1;
				LastSwiftUpdateCheck = 1620;
				LastUpgradeCheck = 1620;
				TargetAttributes = {
					7078DC352E52A16300BDFFD3 = {
						CreatedOnToolsVersion = 16.2;
					};
					7078DC462E52A16500BDFFD3 = {
						CreatedOnToolsVersion = 16.2;
						TestTargetID = 7078DC352E52A16300BDFFD3;
					};
					7078DC502E52A16500BDFFD3 = {
						CreatedOnToolsVersion = 16.2;
						TestTargetID = 7078DC352E52A16300BDFFD3;
					};
				};
			};
			buildConfigurationList = 7078DC312E52A16300BDFFD3 /* Build configuration list for PBXProject "BLEClientApp" */;
			developmentRegion = en;
			hasScannedForEncodings = 0;
			knownRegions = (
				en,
				Base,
			);
			mainGroup = 7078DC2D2E52A16300BDFFD3;
			minimizedProjectReferenceProxies = 1;
			preferredProjectObjectVersion = 77;
			productRefGroup = 7078DC372E52A16300BDFFD3 /* Products */;
			projectDirPath = "";
			projectRoot = "";
			targets = (
				7078DC352E52A16300BDFFD3 /* BLEClientApp */,
				7078DC462E52A16500BDFFD3 /* BLEClientAppTests */,
				7078DC502E52A16500BDFFD3 /* BLEClientAppUITests */,
			);
		};
/* End PBXProject section */

/* Begin PBXResourcesBuildPhase section */
		7078DC342E52A16300BDFFD3 /* Resources */ = {
			isa = PBXResourcesBuildPhase;
			buildActionMask = 2147483647;
			files = (
			);
			runOnlyForDeploymentPostprocessing = 0;
		};
		7078DC452E52A16500BDFFD3 /* Resources */ = {
			isa = PBXResourcesBuildPhase;
			buildActionMask = 2147483647;
			files = (
			);
			runOnlyForDeploymentPostprocessing = 0;
		};
		7078DC4F2E52A16500BDFFD3 /* Resources */ = {
			isa = PBXResourcesBuildPhase;
			buildActionMask = 2147483647;
			files = (
			);
			runOnlyForDeploymentPostprocessing = 0;
		};
/* End PBXResourcesBuildPhase section */

/* Begin PBXSourcesBuildPhase section */
		7078DC322E52A16300BDFFD3 /* Sources */ = {
			isa = PBXSourcesBuildPhase;
			buildActionMask = 2147483647;
			files = (
			);
			runOnlyForDeploymentPostprocessing = 0;
		};
		7078DC432E52A16500BDFFD3 /* Sources */ = {
			isa = PBXSourcesBuildPhase;
			buildActionMask = 2147483647;
			files = (
			);
			runOnlyForDeploymentPostprocessing = 0;
		};
		7078DC4D2E52A16500BDFFD3 /* Sources */ = {
			isa = PBXSourcesBuildPhase;
			buildActionMask = 2147483647;
			files = (
			);
			runOnlyForDeploymentPostprocessing = 0;
		};
/* End PBXSourcesBuildPhase section */

/* Begin PBXTargetDependency section */
		7078DC492E52A16500BDFFD3 /* PBXTargetDependency */ = {
			isa = PBXTargetDependency;
			target = 7078DC352E52A16300BDFFD3 /* BLEClientApp */;
			targetProxy = 7078DC482E52A16500BDFFD3 /* PBXContainerItemProxy */;
		};
		7078DC532E52A16500BDFFD3 /* PBXTargetDependency */ = {
			isa = PBXTargetDependency;
			target = 7078DC352E52A16300BDFFD3 /* BLEClientApp */;
			targetProxy = 7078DC522E52A16500BDFFD3 /* PBXContainerItemProxy */;
		};
/* End PBXTargetDependency section */

/* Begin XCBuildConfiguration section */
		7078DC592E52A16500BDFFD3 /* Debug */ = {
			isa = XCBuildConfiguration;
			buildSettings = {
				ALWAYS_SEARCH_USER_PATHS = NO;
				ASSETCATALOG_COMPILER_GENERATE_SWIFT_ASSET_SYMBOL_EXTENSIONS = YES;
				CLANG_ANALYZER_NONNULL = YES;
				CLANG_ANALYZER_NUMBER_OBJECT_CONVERSION = YES_AGGRESSIVE;
				CLANG_CXX_LANGUAGE_STANDARD = "gnu++20";
				CLANG_ENABLE_MODULES = YES;
				CLANG_ENABLE_OBJC_ARC = YES;
				CLANG_ENABLE_OBJC_WEAK = YES;
				CLANG_WARN_BLOCK_CAPTURE_AUTORELEASING = YES;
				CLANG_WARN_BOOL_CONVERSION = YES;
				CLANG_WARN_COMMA = YES;
				CLANG_WARN_CONSTANT_CONVERSION = YES;
				CLANG_WARN_DEPRECATED_OBJC_IMPLEMENTATIONS = YES;
				CLANG_WARN_DIRECT_OBJC_ISA_USAGE = YES_ERROR;
				CLANG_WARN_DOCUMENTATION_COMMENTS = YES;
				CLANG_WARN_EMPTY_BODY = YES;
				CLANG_WARN_ENUM_CONVERSION = YES;
				CLANG_WARN_INFINITE_RECURSION = YES;
				CLANG_WARN_INT_CONVERSION = YES;
				CLANG_WARN_NON_LITERAL_NULL_CONVERSION = YES;
				CLANG_WARN_OBJC_IMPLICIT_RETAIN_SELF = YES;
				CLANG_WARN_OBJC_LITERAL_CONVERSION = YES;
				CLANG_WARN_OBJC_ROOT_CLASS = YES_ERROR;
				CLANG_WARN_QUOTED_INCLUDE_IN_FRAMEWORK_HEADER = YES;
				CLANG_WARN_RANGE_LOOP_ANALYSIS = YES;
				CLANG_WARN_STRICT_PROTOTYPES = YES;
				CLANG_WARN_SUSPICIOUS_MOVE = YES;
				CLANG_WARN_UNGUARDED_AVAILABILITY = YES_AGGRESSIVE;
				CLANG_WARN_UNREACHABLE_CODE = YES;
				CLANG_WARN__DUPLICATE_METHOD_MATCH = YES;
				COPY_PHASE_STRIP = NO;
				DEBUG_INFORMATION_FORMAT = dwarf;
				ENABLE_STRICT_OBJC_MSGSEND = YES;
				ENABLE_TESTABILITY = YES;
				ENABLE_USER_SCRIPT_SANDBOXING = YES;
				GCC_C_LANGUAGE_STANDARD = gnu17;
				GCC_DYNAMIC_NO_PIC = NO;
				GCC_NO_COMMON_BLOCKS = YES;
				GCC_OPTIMIZATION_LEVEL = 0;
				GCC_PREPROCESSOR_DEFINITIONS = (
					"DEBUG=1",
					"$(inherited)",
				);
				GCC_WARN_64_TO_32_BIT_CONVERSION = YES;
				GCC_WARN_ABOUT_RETURN_TYPE = YES_ERROR;
				GCC_WARN_UNDECLARED_SELECTOR = YES;
				GCC_WARN_UNINITIALIZED_AUTOS = YES_AGGRESSIVE;
				GCC_WARN_UNUSED_FUNCTION = YES;
				GCC_WARN_UNUSED_VARIABLE = YES;
				LOCALIZATION_PREFERS_STRING_CATALOGS = YES;
				MACOSX_DEPLOYMENT_TARGET = 15.2;
				MTL_ENABLE_DEBUG_INFO = INCLUDE_SOURCE;
				MTL_FAST_MATH = YES;
				ONLY_ACTIVE_ARCH = YES;
				SDKROOT = macosx;
				SWIFT_ACTIVE_COMPILATION_CONDITIONS = "DEBUG $(inherited)";
				SWIFT_OPTIMIZATION_LEVEL = "-Onone";
			};
			name = Debug;
		};
		7078DC5A2E52A16500BDFFD3 /* Release */ = {
			isa = XCBuildConfiguration;
			buildSettings = {
				ALWAYS_SEARCH_USER_PATHS = NO;
				ASSETCATALOG_COMPILER_GENERATE_SWIFT_ASSET_SYMBOL_EXTENSIONS = YES;
				CLANG_ANALYZER_NONNULL = YES;
				CLANG_ANALYZER_NUMBER_OBJECT_CONVERSION = YES_AGGRESSIVE;
				CLANG_CXX_LANGUAGE_STANDARD = "gnu++20";
				CLANG_ENABLE_MODULES = YES;
				CLANG_ENABLE_OBJC_ARC = YES;
				CLANG_ENABLE_OBJC_WEAK = YES;
				CLANG_WARN_BLOCK_CAPTURE_AUTORELEASING = YES;
				CLANG_WARN_BOOL_CONVERSION = YES;
				CLANG_WARN_COMMA = YES;
				CLANG_WARN_CONSTANT_CONVERSION = YES;
				CLANG_WARN_DEPRECATED_OBJC_IMPLEMENTATIONS = YES;
				CLANG_WARN_DIRECT_OBJC_ISA_USAGE = YES_ERROR;
				CLANG_WARN_DOCUMENTATION_COMMENTS = YES;
				CLANG_WARN_EMPTY_BODY = YES;
				CLANG_WARN_ENUM_CONVERSION = YES;
				CLANG_WARN_INFINITE_RECURSION = YES;
				CLANG_WARN_INT_CONVERSION = YES;
				CLANG_WARN_NON_LITERAL_NULL_CONVERSION = YES;
				CLANG_WARN_OBJC_IMPLICIT_RETAIN_SELF = YES;
				CLANG_WARN_OBJC_LITERAL_CONVERSION = YES;
				CLANG_WARN_OBJC_ROOT_CLASS = YES_ERROR;
				CLANG_WARN_QUOTED_INCLUDE_IN_FRAMEWORK_HEADER = YES;
				CLANG_WARN_RANGE_LOOP_ANALYSIS = YES;
				CLANG_WARN_STRICT_PROTOTYPES = YES;
				CLANG_WARN_SUSPICIOUS_MOVE = YES;
				CLANG_WARN_UNGUARDED_AVAILABILITY = YES_AGGRESSIVE;
				CLANG_WARN_UNREACHABLE_CODE = YES;
				CLANG_WARN__DUPLICATE_METHOD_MATCH = YES;
				COPY_PHASE_STRIP = NO;
				DEBUG_INFORMATION_FORMAT = "dwarf-with-dsym";
				ENABLE_NS_ASSERTIONS = NO;
				ENABLE_STRICT_OBJC_MSGSEND = YES;
				ENABLE_USER_SCRIPT_SANDBOXING = YES;
				GCC_C_LANGUAGE_STANDARD = gnu17;
				GCC_NO_COMMON_BLOCKS = YES;
				GCC_WARN_64_TO_32_BIT_CONVERSION = YES;
				GCC_WARN_ABOUT_RETURN_TYPE = YES_ERROR;
				GCC_WARN_UNDECLARED_SELECTOR = YES;
				GCC_WARN_UNINITIALIZED_AUTOS = YES_AGGRESSIVE;
				GCC_WARN_UNUSED_FUNCTION = YES;
				GCC_WARN_UNUSED_VARIABLE = YES;
				LOCALIZATION_PREFERS_STRING_CATALOGS = YES;
				MACOSX_DEPLOYMENT_TARGET = 15.2;
				MTL_ENABLE_DEBUG_INFO = NO;
				MTL_FAST_MATH = YES;
				SDKROOT = macosx;
				SWIFT_COMPILATION_MODE = wholemodule;
			};
			name = Release;
		};
		7078DC5C2E52A16500BDFFD3 /* Debug */ = {
			isa = XCBuildConfiguration;
			buildSettings = {
				ASSETCATALOG_COMPILER_APPICON_NAME = AppIcon;
				ASSETCATALOG_COMPILER_GLOBAL_ACCENT_COLOR_NAME = AccentColor;
				CODE_SIGN_ENTITLEMENTS = BLEClientApp/BLEClientApp.entitlements;
				CODE_SIGN_STYLE = Automatic;
				COMBINE_HIDPI_IMAGES = YES;
				CURRENT_PROJECT_VERSION = 1;
				DEVELOPMENT_ASSET_PATHS = "\"BLEClientApp/Preview Content\"";
				DEVELOPMENT_TEAM = Q36THTCS6M;
				ENABLE_HARDENED_RUNTIME = YES;
				ENABLE_PREVIEWS = YES;
				GENERATE_INFOPLIST_FILE = YES;
				INFOPLIST_KEY_NSHumanReadableCopyright = "";
				LD_RUNPATH_SEARCH_PATHS = (
					"$(inherited)",
					"@executable_path/../Frameworks",
				);
				MARKETING_VERSION = 1.0;
				PRODUCT_BUNDLE_IDENTIFIER = me.ashidu.dissanayake.BLEClientApp;
				PRODUCT_NAME = "$(TARGET_NAME)";
				SWIFT_EMIT_LOC_STRINGS = YES;
				SWIFT_VERSION = 5.0;
			};
			name = Debug;
		};
		7078DC5D2E52A16500BDFFD3 /* Release */ = {
			isa = XCBuildConfiguration;
			buildSettings = {
				ASSETCATALOG_COMPILER_APPICON_NAME = AppIcon;
				ASSETCATALOG_COMPILER_GLOBAL_ACCENT_COLOR_NAME = AccentColor;
				CODE_SIGN_ENTITLEMENTS = BLEClientApp/BLEClientApp.entitlements;
				CODE_SIGN_STYLE = Automatic;
				COMBINE_HIDPI_IMAGES = YES;
				CURRENT_PROJECT_VERSION = 1;
				DEVELOPMENT_ASSET_PATHS = "\"BLEClientApp/Preview Content\"";
				DEVELOPMENT_TEAM = Q36THTCS6M;
				ENABLE_HARDENED_RUNTIME = YES;
				ENABLE_PREVIEWS = YES;
				GENERATE_INFOPLIST_FILE = YES;
				INFOPLIST_KEY_NSHumanReadableCopyright = "";
				LD_RUNPATH_SEARCH_PATHS = (
					"$(inherited)",
					"@executable_path/../Frameworks",
				);
				MARKETING_VERSION = 1.0;
				PRODUCT_BUNDLE_IDENTIFIER = me.ashidu.dissanayake.BLEClientApp;
				PRODUCT_NAME = "$(TARGET_NAME)";
				SWIFT_EMIT_LOC_STRINGS = YES;
				SWIFT_VERSION = 5.0;
			};
			name = Release;
		};
		7078DC5F2E52A16500BDFFD3 /* Debug */ = {
			isa = XCBuildConfiguration;
			buildSettings = {
				BUNDLE_LOADER = "$(TEST_HOST)";
				CODE_SIGN_STYLE = Automatic;
				CURRENT_PROJECT_VERSION = 1;
				DEVELOPMENT_TEAM = Q36THTCS6M;
				GENERATE_INFOPLIST_FILE = YES;
				MACOSX_DEPLOYMENT_TARGET = 15.2;
				MARKETING_VERSION = 1.0;
				PRODUCT_BUNDLE_IDENTIFIER = me.ashidu.dissanayake.BLEClientAppTests;
				PRODUCT_NAME = "$(TARGET_NAME)";
				SWIFT_EMIT_LOC_STRINGS = NO;
				SWIFT_VERSION = 5.0;
				TEST_HOST = "$(BUILT_PRODUCTS_DIR)/BLEClientApp.app/$(BUNDLE_EXECUTABLE_FOLDER_PATH)/BLEClientApp";
			};
			name = Debug;
		};
		7078DC602E52A16500BDFFD3 /* Release */ = {
			isa = XCBuildConfiguration;
			buildSettings = {
				BUNDLE_LOADER = "$(TEST_HOST)";
				CODE_SIGN_STYLE = Automatic;
				CURRENT_PROJECT_VERSION = 1;
				DEVELOPMENT_TEAM = Q36THTCS6M;
				GENERATE_INFOPLIST_FILE = YES;
				MACOSX_DEPLOYMENT_TARGET = 15.2;
				MARKETING_VERSION = 1.0;
				PRODUCT_BUNDLE_IDENTIFIER = me.ashidu.dissanayake.BLEClientAppTests;
				PRODUCT_NAME = "$(TARGET_NAME)";
				SWIFT_EMIT_LOC_STRINGS = NO;
				SWIFT_VERSION = 5.0;
				TEST_HOST = "$(BUILT_PRODUCTS_DIR)/BLEClientApp.app/$(BUNDLE_EXECUTABLE_FOLDER_PATH)/BLEClientApp";
			};
			name = Release;
		};
		7078DC622E52A16500BDFFD3 /* Debug */ = {
			isa = XCBuildConfiguration;
			buildSettings = {
				CODE_SIGN_STYLE = Automatic;
				CURRENT_PROJECT_VERSION = 1;
				DEVELOPMENT_TEAM = Q36THTCS6M;
				GENERATE_INFOPLIST_FILE = YES;
				MARKETING_VERSION = 1.0;
				PRODUCT_BUNDLE_IDENTIFIER = me.ashidu.dissanayake.BLEClientAppUITests;
				PRODUCT_NAME = "$(TARGET_NAME)";
				SWIFT_EMIT_LOC_STRINGS = NO;
				SWIFT_VERSION = 5.0;
				TEST_TARGET_NAME = BLEClientApp;
			};
			name = Debug;
		};
		7078DC632E52A16500BDFFD3 /* Release */ = {
			isa = XCBuildConfiguration;
			buildSettings = {
				CODE_SIGN_STYLE = Automatic;
				CURRENT_PROJECT_VERSION = 1;
				DEVELOPMENT_TEAM = Q36THTCS6M;
				GENERATE_INFOPLIST_FILE = YES;
				MARKETING_VERSION = 1.0;
				PRODUCT_BUNDLE_IDENTIFIER = me.ashidu.dissanayake.BLEClientAppUITests;
				PRODUCT_NAME = "$(TARGET_NAME)";
				SWIFT_EMIT_LOC_STRINGS = NO;
				SWIFT_VERSION = 5.0;
				TEST_TARGET_NAME = BLEClientApp;
			};
			name = Release;
		};
/* End XCBuildConfiguration section */

/* Begin XCConfigurationList section */
		7078DC312E52A16300BDFFD3 /* Build configuration list for PBXProject "BLEClientApp" */ = {
			isa = XCConfigurationList;
			buildConfigurations = (
				7078DC592E52A16500BDFFD3 /* Debug */,
				7078DC5A2E52A16500BDFFD3 /* Release */,
			);
			defaultConfigurationIsVisible = 0;
			defaultConfigurationName = Release;
		};
		7078DC5B2E52A16500BDFFD3 /* Build configuration list for PBXNativeTarget "BLEClientApp" */ = {
			isa = XCConfigurationList;
			buildConfigurations = (
				7078DC5C2E52A16500BDFFD3 /* Debug */,
				7078DC5D2E52A16500BDFFD3 /* Release */,
			);
			defaultConfigurationIsVisible = 0;
			defaultConfigurationName = Release;
		};
		7078DC5E2E52A16500BDFFD3 /* Build configuration list for PBXNativeTarget "BLEClientAppTests" */ = {
			isa = XCConfigurationList;
			buildConfigurations = (
				7078DC5F2E52A16500BDFFD3 /* Debug */,
				7078DC602E52A16500BDFFD3 /* Release */,
			);
			defaultConfigurationIsVisible = 0;
			defaultConfigurationName = Release;
		};
		7078DC612E52A16500BDFFD3 /* Build configuration list for PBXNativeTarget "BLEClientAppUITests" */ = {
			isa = XCConfigurationList;
			buildConfigurations = (
				7078DC622E52A16500BDFFD3 /* Debug */,
				7078DC632E52A16500BDFFD3 /* Release */,
			);
			defaultConfigurationIsVisible = 0;
			defaultConfigurationName = Release;
		};
/* End XCConfigurationList section */
	};
	rootObject = 7078DC2E2E52A16300BDFFD3 /* Project object */;
}
