// !$*UTF8*$!
{
	archiveVersion = 1;
	classes = {
	};
	objectVersion = 77;
	objects = {

/* Begin PBXContainerItemProxy section */
		70E004652E52AB4300A3A46D /* PBXContainerItemProxy */ = {
			isa = PBXContainerItemProxy;
			containerPortal = 70E0044B2E52AB4100A3A46D /* Project object */;
			proxyType = 1;
			remoteGlobalIDString = 70E004522E52AB4100A3A46D;
			remoteInfo = Shadow;
		};
		70E0046F2E52AB4300A3A46D /* PBXContainerItemProxy */ = {
			isa = PBXContainerItemProxy;
			containerPortal = 70E0044B2E52AB4100A3A46D /* Project object */;
			proxyType = 1;
			remoteGlobalIDString = 70E004522E52AB4100A3A46D;
			remoteInfo = Shadow;
		};
/* End PBXContainerItemProxy section */

/* Begin PBXFileReference section */
		70E004532E52AB4100A3A46D /* Shadow.app */ = {isa = PBXFileReference; explicitFileType = wrapper.application; includeInIndex = 0; path = Shadow.app; sourceTree = BUILT_PRODUCTS_DIR; };
		70E004642E52AB4300A3A46D /* ShadowTests.xctest */ = {isa = PBXFileReference; explicitFileType = wrapper.cfbundle; includeInIndex = 0; path = ShadowTests.xctest; sourceTree = BUILT_PRODUCTS_DIR; };
		70E0046E2E52AB4300A3A46D /* ShadowUITests.xctest */ = {isa = PBXFileReference; explicitFileType = wrapper.cfbundle; includeInIndex = 0; path = ShadowUITests.xctest; sourceTree = BUILT_PRODUCTS_DIR; };
/* End PBXFileReference section */

/* Begin PBXFileSystemSynchronizedBuildFileExceptionSet section */
		709AD0BB2E5B80BD001A7136 /* Exceptions for "Shadow" folder in "Shadow" target */ = {
			isa = PBXFileSystemSynchronizedBuildFileExceptionSet;
			membershipExceptions = (
				Info.plist,
			);
			target = 70E004522E52AB4100A3A46D /* Shadow */;
		};
/* End PBXFileSystemSynchronizedBuildFileExceptionSet section */

/* Begin PBXFileSystemSynchronizedRootGroup section */
		70E004552E52AB4100A3A46D /* Shadow */ = {
			isa = PBXFileSystemSynchronizedRootGroup;
			exceptions = (
				709AD0BB2E5B80BD001A7136 /* Exceptions for "Shadow" folder in "Shadow" target */,
			);
			path = Shadow;
			sourceTree = "<group>";
		};
		70E004672E52AB4300A3A46D /* ShadowTests */ = {
			isa = PBXFileSystemSynchronizedRootGroup;
			path = ShadowTests;
			sourceTree = "<group>";
		};
		70E004712E52AB4300A3A46D /* ShadowUITests */ = {
			isa = PBXFileSystemSynchronizedRootGroup;
			path = ShadowUITests;
			sourceTree = "<group>";
		};
/* End PBXFileSystemSynchronizedRootGroup section */

/* Begin PBXFrameworksBuildPhase section */
		70E004502E52AB4100A3A46D /* Frameworks */ = {
			isa = PBXFrameworksBuildPhase;
			buildActionMask = 2147483647;
			files = (
			);
			runOnlyForDeploymentPostprocessing = 0;
		};
		70E004612E52AB4300A3A46D /* Frameworks */ = {
			isa = PBXFrameworksBuildPhase;
			buildActionMask = 2147483647;
			files = (
			);
			runOnlyForDeploymentPostprocessing = 0;
		};
		70E0046B2E52AB4300A3A46D /* Frameworks */ = {
			isa = PBXFrameworksBuildPhase;
			buildActionMask = 2147483647;
			files = (
			);
			runOnlyForDeploymentPostprocessing = 0;
		};
/* End PBXFrameworksBuildPhase section */

/* Begin PBXGroup section */
		70E0044A2E52AB4100A3A46D = {
			isa = PBXGroup;
			children = (
				70E004552E52AB4100A3A46D /* Shadow */,
				70E004672E52AB4300A3A46D /* ShadowTests */,
				70E004712E52AB4300A3A46D /* ShadowUITests */,
				70E004542E52AB4100A3A46D /* Products */,
			);
			sourceTree = "<group>";
		};
		70E004542E52AB4100A3A46D /* Products */ = {
			isa = PBXGroup;
			children = (
				70E004532E52AB4100A3A46D /* Shadow.app */,
				70E004642E52AB4300A3A46D /* ShadowTests.xctest */,
				70E0046E2E52AB4300A3A46D /* ShadowUITests.xctest */,
			);
			name = Products;
			sourceTree = "<group>";
		};
/* End PBXGroup section */

/* Begin PBXNativeTarget section */
		70E004522E52AB4100A3A46D /* Shadow */ = {
			isa = PBXNativeTarget;
			buildConfigurationList = 70E004782E52AB4300A3A46D /* Build configuration list for PBXNativeTarget "Shadow" */;
			buildPhases = (
				70E0044F2E52AB4100A3A46D /* Sources */,
				70E004502E52AB4100A3A46D /* Frameworks */,
				70E004512E52AB4100A3A46D /* Resources */,
			);
			buildRules = (
			);
			dependencies = (
			);
			fileSystemSynchronizedGroups = (
				70E004552E52AB4100A3A46D /* Shadow */,
			);
			name = Shadow;
			packageProductDependencies = (
			);
			productName = Shadow;
			productReference = 70E004532E52AB4100A3A46D /* Shadow.app */;
			productType = "com.apple.product-type.application";
		};
		70E004632E52AB4300A3A46D /* ShadowTests */ = {
			isa = PBXNativeTarget;
			buildConfigurationList = 70E0047B2E52AB4300A3A46D /* Build configuration list for PBXNativeTarget "ShadowTests" */;
			buildPhases = (
				70E004602E52AB4300A3A46D /* Sources */,
				70E004612E52AB4300A3A46D /* Frameworks */,
				70E004622E52AB4300A3A46D /* Resources */,
			);
			buildRules = (
			);
			dependencies = (
				70E004662E52AB4300A3A46D /* PBXTargetDependency */,
			);
			fileSystemSynchronizedGroups = (
				70E004672E52AB4300A3A46D /* ShadowTests */,
			);
			name = ShadowTests;
			packageProductDependencies = (
			);
			productName = ShadowTests;
			productReference = 70E004642E52AB4300A3A46D /* ShadowTests.xctest */;
			productType = "com.apple.product-type.bundle.unit-test";
		};
		70E0046D2E52AB4300A3A46D /* ShadowUITests */ = {
			isa = PBXNativeTarget;
			buildConfigurationList = 70E0047E2E52AB4300A3A46D /* Build configuration list for PBXNativeTarget "ShadowUITests" */;
			buildPhases = (
				70E0046A2E52AB4300A3A46D /* Sources */,
				70E0046B2E52AB4300A3A46D /* Frameworks */,
				70E0046C2E52AB4300A3A46D /* Resources */,
			);
			buildRules = (
			);
			dependencies = (
				70E004702E52AB4300A3A46D /* PBXTargetDependency */,
			);
			fileSystemSynchronizedGroups = (
				70E004712E52AB4300A3A46D /* ShadowUITests */,
			);
			name = ShadowUITests;
			packageProductDependencies = (
			);
			productName = ShadowUITests;
			productReference = 70E0046E2E52AB4300A3A46D /* ShadowUITests.xctest */;
			productType = "com.apple.product-type.bundle.ui-testing";
		};
/* End PBXNativeTarget section */

/* Begin PBXProject section */
		70E0044B2E52AB4100A3A46D /* Project object */ = {
			isa = PBXProject;
			attributes = {
				BuildIndependentTargetsInParallel = 1;
				LastSwiftUpdateCheck = 1620;
				LastUpgradeCheck = 1620;
				TargetAttributes = {
					70E004522E52AB4100A3A46D = {
						CreatedOnToolsVersion = 16.2;
					};
					70E004632E52AB4300A3A46D = {
						CreatedOnToolsVersion = 16.2;
						TestTargetID = 70E004522E52AB4100A3A46D;
					};
					70E0046D2E52AB4300A3A46D = {
						CreatedOnToolsVersion = 16.2;
						TestTargetID = 70E004522E52AB4100A3A46D;
					};
				};
			};
			buildConfigurationList = 70E0044E2E52AB4100A3A46D /* Build configuration list for PBXProject "Shadow" */;
			developmentRegion = en;
			hasScannedForEncodings = 0;
			knownRegions = (
				en,
				Base,
			);
			mainGroup = 70E0044A2E52AB4100A3A46D;
			minimizedProjectReferenceProxies = 1;
			packageReferences = (
			);
			preferredProjectObjectVersion = 77;
			productRefGroup = 70E004542E52AB4100A3A46D /* Products */;
			projectDirPath = "";
			projectRoot = "";
			targets = (
				70E004522E52AB4100A3A46D /* Shadow */,
				70E004632E52AB4300A3A46D /* ShadowTests */,
				70E0046D2E52AB4300A3A46D /* ShadowUITests */,
			);
		};
/* End PBXProject section */

/* Begin PBXResourcesBuildPhase section */
		70E004512E52AB4100A3A46D /* Resources */ = {
			isa = PBXResourcesBuildPhase;
			buildActionMask = 2147483647;
			files = (
			);
			runOnlyForDeploymentPostprocessing = 0;
		};
		70E004622E52AB4300A3A46D /* Resources */ = {
			isa = PBXResourcesBuildPhase;
			buildActionMask = 2147483647;
			files = (
			);
			runOnlyForDeploymentPostprocessing = 0;
		};
		70E0046C2E52AB4300A3A46D /* Resources */ = {
			isa = PBXResourcesBuildPhase;
			buildActionMask = 2147483647;
			files = (
			);
			runOnlyForDeploymentPostprocessing = 0;
		};
/* End PBXResourcesBuildPhase section */

/* Begin PBXSourcesBuildPhase section */
		70E0044F2E52AB4100A3A46D /* Sources */ = {
			isa = PBXSourcesBuildPhase;
			buildActionMask = 2147483647;
			files = (
			);
			runOnlyForDeploymentPostprocessing = 0;
		};
		70E004602E52AB4300A3A46D /* Sources */ = {
			isa = PBXSourcesBuildPhase;
			buildActionMask = 2147483647;
			files = (
			);
			runOnlyForDeploymentPostprocessing = 0;
		};
		70E0046A2E52AB4300A3A46D /* Sources */ = {
			isa = PBXSourcesBuildPhase;
			buildActionMask = 2147483647;
			files = (
			);
			runOnlyForDeploymentPostprocessing = 0;
		};
/* End PBXSourcesBuildPhase section */

/* Begin PBXTargetDependency section */
		70E004662E52AB4300A3A46D /* PBXTargetDependency */ = {
			isa = PBXTargetDependency;
			target = 70E004522E52AB4100A3A46D /* Shadow */;
			targetProxy = 70E004652E52AB4300A3A46D /* PBXContainerItemProxy */;
		};
		70E004702E52AB4300A3A46D /* PBXTargetDependency */ = {
			isa = PBXTargetDependency;
			target = 70E004522E52AB4100A3A46D /* Shadow */;
			targetProxy = 70E0046F2E52AB4300A3A46D /* PBXContainerItemProxy */;
		};
/* End PBXTargetDependency section */

/* Begin XCBuildConfiguration section */
		70E004762E52AB4300A3A46D /* Debug */ = {
			isa = XCBuildConfiguration;
			buildSettings = {
				ALWAYS_SEARCH_USER_PATHS = NO;
				ASSETCATALOG_COMPILER_GENERATE_SWIFT_ASSET_SYMBOL_EXTENSIONS = YES;
				CLANG_ANALYZER_NONNULL = YES;
				CLANG_ANALYZER_NUMBER_OBJECT_CONVERSION = YES_AGGRESSIVE;
				CLANG_CXX_LANGUAGE_STANDARD = "gnu++20";
				CLANG_ENABLE_MODULES = YES;
				CLANG_ENABLE_OBJC_ARC = YES;
				CLANG_ENABLE_OBJC_WEAK = YES;
				CLANG_WARN_BLOCK_CAPTURE_AUTORELEASING = YES;
				CLANG_WARN_BOOL_CONVERSION = YES;
				CLANG_WARN_COMMA = YES;
				CLANG_WARN_CONSTANT_CONVERSION = YES;
				CLANG_WARN_DEPRECATED_OBJC_IMPLEMENTATIONS = YES;
				CLANG_WARN_DIRECT_OBJC_ISA_USAGE = YES_ERROR;
				CLANG_WARN_DOCUMENTATION_COMMENTS = YES;
				CLANG_WARN_EMPTY_BODY = YES;
				CLANG_WARN_ENUM_CONVERSION = YES;
				CLANG_WARN_INFINITE_RECURSION = YES;
				CLANG_WARN_INT_CONVERSION = YES;
				CLANG_WARN_NON_LITERAL_NULL_CONVERSION = YES;
				CLANG_WARN_OBJC_IMPLICIT_RETAIN_SELF = YES;
				CLANG_WARN_OBJC_LITERAL_CONVERSION = YES;
				CLANG_WARN_OBJC_ROOT_CLASS = YES_ERROR;
				CLANG_WARN_QUOTED_INCLUDE_IN_FRAMEWORK_HEADER = YES;
				CLANG_WARN_RANGE_LOOP_ANALYSIS = YES;
				CLANG_WARN_STRICT_PROTOTYPES = YES;
				CLANG_WARN_SUSPICIOUS_MOVE = YES;
				CLANG_WARN_UNGUARDED_AVAILABILITY = YES_AGGRESSIVE;
				CLANG_WARN_UNREACHABLE_CODE = YES;
				CLANG_WARN__DUPLICATE_METHOD_MATCH = YES;
				COPY_PHASE_STRIP = NO;
				DEBUG_INFORMATION_FORMAT = dwarf;
				ENABLE_STRICT_OBJC_MSGSEND = YES;
				ENABLE_TESTABILITY = YES;
				ENABLE_USER_SCRIPT_SANDBOXING = YES;
				GCC_C_LANGUAGE_STANDARD = gnu17;
				GCC_DYNAMIC_NO_PIC = NO;
				GCC_NO_COMMON_BLOCKS = YES;
				GCC_OPTIMIZATION_LEVEL = 0;
				GCC_PREPROCESSOR_DEFINITIONS = (
					"DEBUG=1",
					"$(inherited)",
				);
				GCC_WARN_64_TO_32_BIT_CONVERSION = YES;
				GCC_WARN_ABOUT_RETURN_TYPE = YES_ERROR;
				GCC_WARN_UNDECLARED_SELECTOR = YES;
				GCC_WARN_UNINITIALIZED_AUTOS = YES_AGGRESSIVE;
				GCC_WARN_UNUSED_FUNCTION = YES;
				GCC_WARN_UNUSED_VARIABLE = YES;
				LOCALIZATION_PREFERS_STRING_CATALOGS = YES;
				MACOSX_DEPLOYMENT_TARGET = 15.2;
				MTL_ENABLE_DEBUG_INFO = INCLUDE_SOURCE;
				MTL_FAST_MATH = YES;
				ONLY_ACTIVE_ARCH = YES;
				SDKROOT = macosx;
				SWIFT_ACTIVE_COMPILATION_CONDITIONS = "DEBUG $(inherited)";
				SWIFT_OPTIMIZATION_LEVEL = "-Onone";
			};
			name = Debug;
		};
		70E004772E52AB4300A3A46D /* Release */ = {
			isa = XCBuildConfiguration;
			buildSettings = {
				ALWAYS_SEARCH_USER_PATHS = NO;
				ASSETCATALOG_COMPILER_GENERATE_SWIFT_ASSET_SYMBOL_EXTENSIONS = YES;
				CLANG_ANALYZER_NONNULL = YES;
				CLANG_ANALYZER_NUMBER_OBJECT_CONVERSION = YES_AGGRESSIVE;
				CLANG_CXX_LANGUAGE_STANDARD = "gnu++20";
				CLANG_ENABLE_MODULES = YES;
				CLANG_ENABLE_OBJC_ARC = YES;
				CLANG_ENABLE_OBJC_WEAK = YES;
				CLANG_WARN_BLOCK_CAPTURE_AUTORELEASING = YES;
				CLANG_WARN_BOOL_CONVERSION = YES;
				CLANG_WARN_COMMA = YES;
				CLANG_WARN_CONSTANT_CONVERSION = YES;
				CLANG_WARN_DEPRECATED_OBJC_IMPLEMENTATIONS = YES;
				CLANG_WARN_DIRECT_OBJC_ISA_USAGE = YES_ERROR;
				CLANG_WARN_DOCUMENTATION_COMMENTS = YES;
				CLANG_WARN_EMPTY_BODY = YES;
				CLANG_WARN_ENUM_CONVERSION = YES;
				CLANG_WARN_INFINITE_RECURSION = YES;
				CLANG_WARN_INT_CONVERSION = YES;
				CLANG_WARN_NON_LITERAL_NULL_CONVERSION = YES;
				CLANG_WARN_OBJC_IMPLICIT_RETAIN_SELF = YES;
				CLANG_WARN_OBJC_LITERAL_CONVERSION = YES;
				CLANG_WARN_OBJC_ROOT_CLASS = YES_ERROR;
				CLANG_WARN_QUOTED_INCLUDE_IN_FRAMEWORK_HEADER = YES;
				CLANG_WARN_RANGE_LOOP_ANALYSIS = YES;
				CLANG_WARN_STRICT_PROTOTYPES = YES;
				CLANG_WARN_SUSPICIOUS_MOVE = YES;
				CLANG_WARN_UNGUARDED_AVAILABILITY = YES_AGGRESSIVE;
				CLANG_WARN_UNREACHABLE_CODE = YES;
				CLANG_WARN__DUPLICATE_METHOD_MATCH = YES;
				COPY_PHASE_STRIP = NO;
				DEBUG_INFORMATION_FORMAT = "dwarf-with-dsym";
				ENABLE_NS_ASSERTIONS = NO;
				ENABLE_STRICT_OBJC_MSGSEND = YES;
				ENABLE_USER_SCRIPT_SANDBOXING = YES;
				GCC_C_LANGUAGE_STANDARD = gnu17;
				GCC_NO_COMMON_BLOCKS = YES;
				GCC_WARN_64_TO_32_BIT_CONVERSION = YES;
				GCC_WARN_ABOUT_RETURN_TYPE = YES_ERROR;
				GCC_WARN_UNDECLARED_SELECTOR = YES;
				GCC_WARN_UNINITIALIZED_AUTOS = YES_AGGRESSIVE;
				GCC_WARN_UNUSED_FUNCTION = YES;
				GCC_WARN_UNUSED_VARIABLE = YES;
				LOCALIZATION_PREFERS_STRING_CATALOGS = YES;
				MACOSX_DEPLOYMENT_TARGET = 15.2;
				MTL_ENABLE_DEBUG_INFO = NO;
				MTL_FAST_MATH = YES;
				SDKROOT = macosx;
				SWIFT_COMPILATION_MODE = wholemodule;
			};
			name = Release;
		};
		70E004792E52AB4300A3A46D /* Debug */ = {
			isa = XCBuildConfiguration;
			buildSettings = {
				ASSETCATALOG_COMPILER_APPICON_NAME = AppIcon;
				ASSETCATALOG_COMPILER_GLOBAL_ACCENT_COLOR_NAME = AccentColor;
				CODE_SIGN_ENTITLEMENTS = Shadow/Shadow.entitlements;
				CODE_SIGN_STYLE = Automatic;
				COMBINE_HIDPI_IMAGES = YES;
				CURRENT_PROJECT_VERSION = 1;
				DEVELOPMENT_ASSET_PATHS = "\"Shadow/Preview Content\"";
				DEVELOPMENT_TEAM = Q36THTCS6M;
				ENABLE_HARDENED_RUNTIME = YES;
				ENABLE_PREVIEWS = YES;
				GENERATE_INFOPLIST_FILE = YES;
				INFOPLIST_FILE = Shadow/Info.plist;
				INFOPLIST_KEY_NSHumanReadableCopyright = "";
				LD_RUNPATH_SEARCH_PATHS = (
					"$(inherited)",
					"@executable_path/../Frameworks",
				);
				MARKETING_VERSION = 1.0;
				PRODUCT_BUNDLE_IDENTIFIER = me.ashidu.dissanayake.Shadow;
				PRODUCT_NAME = "$(TARGET_NAME)";
				SWIFT_EMIT_LOC_STRINGS = YES;
				SWIFT_VERSION = 5.0;
			};
			name = Debug;
		};
		70E0047A2E52AB4300A3A46D /* Release */ = {
			isa = XCBuildConfiguration;
			buildSettings = {
				ASSETCATALOG_COMPILER_APPICON_NAME = AppIcon;
				ASSETCATALOG_COMPILER_GLOBAL_ACCENT_COLOR_NAME = AccentColor;
				CODE_SIGN_ENTITLEMENTS = Shadow/Shadow.entitlements;
				CODE_SIGN_STYLE = Automatic;
				COMBINE_HIDPI_IMAGES = YES;
				CURRENT_PROJECT_VERSION = 1;
				DEVELOPMENT_ASSET_PATHS = "\"Shadow/Preview Content\"";
				DEVELOPMENT_TEAM = Q36THTCS6M;
				ENABLE_HARDENED_RUNTIME = YES;
				ENABLE_PREVIEWS = YES;
				GENERATE_INFOPLIST_FILE = YES;
				INFOPLIST_FILE = Shadow/Info.plist;
				INFOPLIST_KEY_NSHumanReadableCopyright = "";
				LD_RUNPATH_SEARCH_PATHS = (
					"$(inherited)",
					"@executable_path/../Frameworks",
				);
				MARKETING_VERSION = 1.0;
				PRODUCT_BUNDLE_IDENTIFIER = me.ashidu.dissanayake.Shadow;
				PRODUCT_NAME = "$(TARGET_NAME)";
				SWIFT_EMIT_LOC_STRINGS = YES;
				SWIFT_VERSION = 5.0;
			};
			name = Release;
		};
		70E0047C2E52AB4300A3A46D /* Debug */ = {
			isa = XCBuildConfiguration;
			buildSettings = {
				BUNDLE_LOADER = "$(TEST_HOST)";
				CODE_SIGN_STYLE = Automatic;
				CURRENT_PROJECT_VERSION = 1;
				DEVELOPMENT_TEAM = Q36THTCS6M;
				GENERATE_INFOPLIST_FILE = YES;
				MACOSX_DEPLOYMENT_TARGET = 15.2;
				MARKETING_VERSION = 1.0;
				PRODUCT_BUNDLE_IDENTIFIER = me.ashidu.dissanayake.ShadowTests;
				PRODUCT_NAME = "$(TARGET_NAME)";
				SWIFT_EMIT_LOC_STRINGS = NO;
				SWIFT_VERSION = 5.0;
				TEST_HOST = "$(BUILT_PRODUCTS_DIR)/Shadow.app/$(BUNDLE_EXECUTABLE_FOLDER_PATH)/Shadow";
			};
			name = Debug;
		};
		70E0047D2E52AB4300A3A46D /* Release */ = {
			isa = XCBuildConfiguration;
			buildSettings = {
				BUNDLE_LOADER = "$(TEST_HOST)";
				CODE_SIGN_STYLE = Automatic;
				CURRENT_PROJECT_VERSION = 1;
				DEVELOPMENT_TEAM = Q36THTCS6M;
				GENERATE_INFOPLIST_FILE = YES;
				MACOSX_DEPLOYMENT_TARGET = 15.2;
				MARKETING_VERSION = 1.0;
				PRODUCT_BUNDLE_IDENTIFIER = me.ashidu.dissanayake.ShadowTests;
				PRODUCT_NAME = "$(TARGET_NAME)";
				SWIFT_EMIT_LOC_STRINGS = NO;
				SWIFT_VERSION = 5.0;
				TEST_HOST = "$(BUILT_PRODUCTS_DIR)/Shadow.app/$(BUNDLE_EXECUTABLE_FOLDER_PATH)/Shadow";
			};
			name = Release;
		};
		70E0047F2E52AB4300A3A46D /* Debug */ = {
			isa = XCBuildConfiguration;
			buildSettings = {
				CODE_SIGN_STYLE = Automatic;
				CURRENT_PROJECT_VERSION = 1;
				DEVELOPMENT_TEAM = Q36THTCS6M;
				GENERATE_INFOPLIST_FILE = YES;
				MARKETING_VERSION = 1.0;
				PRODUCT_BUNDLE_IDENTIFIER = me.ashidu.dissanayake.ShadowUITests;
				PRODUCT_NAME = "$(TARGET_NAME)";
				SWIFT_EMIT_LOC_STRINGS = NO;
				SWIFT_VERSION = 5.0;
				TEST_TARGET_NAME = Shadow;
			};
			name = Debug;
		};
		70E004802E52AB4300A3A46D /* Release */ = {
			isa = XCBuildConfiguration;
			buildSettings = {
				CODE_SIGN_STYLE = Automatic;
				CURRENT_PROJECT_VERSION = 1;
				DEVELOPMENT_TEAM = Q36THTCS6M;
				GENERATE_INFOPLIST_FILE = YES;
				MARKETING_VERSION = 1.0;
				PRODUCT_BUNDLE_IDENTIFIER = me.ashidu.dissanayake.ShadowUITests;
				PRODUCT_NAME = "$(TARGET_NAME)";
				SWIFT_EMIT_LOC_STRINGS = NO;
				SWIFT_VERSION = 5.0;
				TEST_TARGET_NAME = Shadow;
			};
			name = Release;
		};
/* End XCBuildConfiguration section */

/* Begin XCConfigurationList section */
		70E0044E2E52AB4100A3A46D /* Build configuration list for PBXProject "Shadow" */ = {
			isa = XCConfigurationList;
			buildConfigurations = (
				70E004762E52AB4300A3A46D /* Debug */,
				70E004772E52AB4300A3A46D /* Release */,
			);
			defaultConfigurationIsVisible = 0;
			defaultConfigurationName = Release;
		};
		70E004782E52AB4300A3A46D /* Build configuration list for PBXNativeTarget "Shadow" */ = {
			isa = XCConfigurationList;
			buildConfigurations = (
				70E004792E52AB4300A3A46D /* Debug */,
				70E0047A2E52AB4300A3A46D /* Release */,
			);
			defaultConfigurationIsVisible = 0;
			defaultConfigurationName = Release;
		};
		70E0047B2E52AB4300A3A46D /* Build configuration list for PBXNativeTarget "ShadowTests" */ = {
			isa = XCConfigurationList;
			buildConfigurations = (
				70E0047C2E52AB4300A3A46D /* Debug */,
				70E0047D2E52AB4300A3A46D /* Release */,
			);
			defaultConfigurationIsVisible = 0;
			defaultConfigurationName = Release;
		};
		70E0047E2E52AB4300A3A46D /* Build configuration list for PBXNativeTarget "ShadowUITests" */ = {
			isa = XCConfigurationList;
			buildConfigurations = (
				70E0047F2E52AB4300A3A46D /* Debug */,
				70E004802E52AB4300A3A46D /* Release */,
			);
			defaultConfigurationIsVisible = 0;
			defaultConfigurationName = Release;
		};
/* End XCConfigurationList section */
	};
	rootObject = 70E0044B2E52AB4100A3A46D /* Project object */;
}
